// !$*UTF8*$!
{
	archiveVersion = 1;
	classes = {
	};
	objectVersion = 56;
	objects = {

/* Begin PBXBuildFile section */
		3D4AF4022B26E4CD00D76FC5 /* SupportersAnchorApp.swift in Sources */ = {isa = PBXBuildFile; fileRef = 3D4AF4012B26E4CD00D76FC5 /* SupportersAnchorApp.swift */; };
		3D4AF4042B26E4CD00D76FC5 /* ContentView.swift in Sources */ = {isa = PBXBuildFile; fileRef = 3D4AF4032B26E4CD00D76FC5 /* ContentView.swift */; };
		3D4AF4092B26E4CE00D76FC5 /* Preview Assets.xcassets in Resources */ = {isa = PBXBuildFile; fileRef = 3D4AF4082B26E4CE00D76FC5 /* Preview Assets.xcassets */; };
		3D4AF4142B26E4F100D76FC5 /* MatchScheduleView.swift in Sources */ = {isa = PBXBuildFile; fileRef = 3D4AF40F2B26E4F100D76FC5 /* MatchScheduleView.swift */; };
		3D4AF4152B26E4F100D76FC5 /* MatchDetailView.swift in Sources */ = {isa = PBXBuildFile; fileRef = 3D4AF4102B26E4F100D76FC5 /* MatchDetailView.swift */; };
		3D4AF4162B26E4F100D76FC5 /* TeamSelectionView.swift in Sources */ = {isa = PBXBuildFile; fileRef = 3D4AF4112B26E4F100D76FC5 /* TeamSelectionView.swift */; };
		3D4AF4182B26E4F100D76FC5 /* LeagueSelectionView.swift in Sources */ = {isa = PBXBuildFile; fileRef = 3D4AF4132B26E4F100D76FC5 /* LeagueSelectionView.swift */; };
		3D4AF4202B26E65000D76FC5 /* Alamofire in Frameworks */ = {isa = PBXBuildFile; productRef = 3D4AF41F2B26E65000D76FC5 /* Alamofire */; };
		3D4DF9AF2B27EA6200F7C655 /* FootballTeams.swift in Sources */ = {isa = PBXBuildFile; fileRef = 3D4DF9AE2B27EA6200F7C655 /* FootballTeams.swift */; };
		3D4DF9B12B27EABE00F7C655 /* TeamSelectionViewModel.swift in Sources */ = {isa = PBXBuildFile; fileRef = 3D4DF9B02B27EABE00F7C655 /* TeamSelectionViewModel.swift */; };
		3D4DF9B32B27FDB200F7C655 /* TeamSelectionViewItem.swift in Sources */ = {isa = PBXBuildFile; fileRef = 3D4DF9B22B27FDB200F7C655 /* TeamSelectionViewItem.swift */; };
		3DF16D262B26FBEF0002F65E /* OnboardingView.swift in Sources */ = {isa = PBXBuildFile; fileRef = 3DF16D252B26FBEF0002F65E /* OnboardingView.swift */; };
/* End PBXBuildFile section */

/* Begin PBXFileReference section */
		3D4AF3FE2B26E4CD00D76FC5 /* SupportersAnchor.app */ = {isa = PBXFileReference; explicitFileType = wrapper.application; includeInIndex = 0; path = SupportersAnchor.app; sourceTree = BUILT_PRODUCTS_DIR; };
		3D4AF4012B26E4CD00D76FC5 /* SupportersAnchorApp.swift */ = {isa = PBXFileReference; lastKnownFileType = sourcecode.swift; path = SupportersAnchorApp.swift; sourceTree = "<group>"; };
		3D4AF4032B26E4CD00D76FC5 /* ContentView.swift */ = {isa = PBXFileReference; lastKnownFileType = sourcecode.swift; path = ContentView.swift; sourceTree = "<group>"; };
		3D4AF4082B26E4CE00D76FC5 /* Preview Assets.xcassets */ = {isa = PBXFileReference; lastKnownFileType = folder.assetcatalog; path = "Preview Assets.xcassets"; sourceTree = "<group>"; };
		3D4AF40F2B26E4F100D76FC5 /* MatchScheduleView.swift */ = {isa = PBXFileReference; fileEncoding = 4; lastKnownFileType = sourcecode.swift; path = MatchScheduleView.swift; sourceTree = "<group>"; };
		3D4AF4102B26E4F100D76FC5 /* MatchDetailView.swift */ = {isa = PBXFileReference; fileEncoding = 4; lastKnownFileType = sourcecode.swift; path = MatchDetailView.swift; sourceTree = "<group>"; };
		3D4AF4112B26E4F100D76FC5 /* TeamSelectionView.swift */ = {isa = PBXFileReference; fileEncoding = 4; lastKnownFileType = sourcecode.swift; path = TeamSelectionView.swift; sourceTree = "<group>"; };
		3D4AF4132B26E4F100D76FC5 /* LeagueSelectionView.swift */ = {isa = PBXFileReference; fileEncoding = 4; lastKnownFileType = sourcecode.swift; path = LeagueSelectionView.swift; sourceTree = "<group>"; };
		3D4DF9AE2B27EA6200F7C655 /* FootballTeams.swift */ = {isa = PBXFileReference; lastKnownFileType = sourcecode.swift; path = FootballTeams.swift; sourceTree = "<group>"; };
		3D4DF9B02B27EABE00F7C655 /* TeamSelectionViewModel.swift */ = {isa = PBXFileReference; lastKnownFileType = sourcecode.swift; path = TeamSelectionViewModel.swift; sourceTree = "<group>"; };
		3D4DF9B22B27FDB200F7C655 /* TeamSelectionViewItem.swift */ = {isa = PBXFileReference; lastKnownFileType = sourcecode.swift; path = TeamSelectionViewItem.swift; sourceTree = "<group>"; };
		3D580A7D2B2717C80062764F /* Assets.xcassets */ = {isa = PBXFileReference; lastKnownFileType = folder.assetcatalog; name = Assets.xcassets; path = SupportersAnchor/Assets.xcassets; sourceTree = SOURCE_ROOT; };
		3DF16D252B26FBEF0002F65E /* OnboardingView.swift */ = {isa = PBXFileReference; fileEncoding = 4; lastKnownFileType = sourcecode.swift; path = OnboardingView.swift; sourceTree = "<group>"; };
/* End PBXFileReference section */

/* Begin PBXFrameworksBuildPhase section */
		3D4AF3FB2B26E4CD00D76FC5 /* Frameworks */ = {
			isa = PBXFrameworksBuildPhase;
			buildActionMask = 2147483647;
			files = (
				3D4AF4202B26E65000D76FC5 /* Alamofire in Frameworks */,
			);
			runOnlyForDeploymentPostprocessing = 0;
		};
/* End PBXFrameworksBuildPhase section */

/* Begin PBXGroup section */
		3D4AF3F52B26E4CD00D76FC5 = {
			isa = PBXGroup;
			children = (
				3D4AF4002B26E4CD00D76FC5 /* SupportersAnchor */,
				3D4AF3FF2B26E4CD00D76FC5 /* Products */,
			);
			sourceTree = "<group>";
		};
		3D4AF3FF2B26E4CD00D76FC5 /* Products */ = {
			isa = PBXGroup;
			children = (
				3D4AF3FE2B26E4CD00D76FC5 /* SupportersAnchor.app */,
			);
			name = Products;
			sourceTree = "<group>";
		};
		3D4AF4002B26E4CD00D76FC5 /* SupportersAnchor */ = {
			isa = PBXGroup;
			children = (
				3D4AF4012B26E4CD00D76FC5 /* SupportersAnchorApp.swift */,
				3D4AF4032B26E4CD00D76FC5 /* ContentView.swift */,
				3D4AF41D2B26E5FC00D76FC5 /* ViewModel */,
				3D4AF41C2B26E5F200D76FC5 /* Model */,
				3D4AF41B2B26E5E000D76FC5 /* View */,
				3D580A7D2B2717C80062764F /* Assets.xcassets */,
				3D4AF4072B26E4CE00D76FC5 /* Preview Content */,
			);
			path = SupportersAnchor;
			sourceTree = "<group>";
		};
		3D4AF4072B26E4CE00D76FC5 /* Preview Content */ = {
			isa = PBXGroup;
			children = (
				3D4AF4082B26E4CE00D76FC5 /* Preview Assets.xcassets */,
			);
			path = "Preview Content";
			sourceTree = "<group>";
		};
		3D4AF41B2B26E5E000D76FC5 /* View */ = {
			isa = PBXGroup;
			children = (
				3DF16D252B26FBEF0002F65E /* OnboardingView.swift */,
				3D4AF4132B26E4F100D76FC5 /* LeagueSelectionView.swift */,
				3D4AF4102B26E4F100D76FC5 /* MatchDetailView.swift */,
				3D4AF40F2B26E4F100D76FC5 /* MatchScheduleView.swift */,
				3D4AF4112B26E4F100D76FC5 /* TeamSelectionView.swift */,
				3D4DF9B22B27FDB200F7C655 /* TeamSelectionViewItem.swift */,
			);
			path = View;
			sourceTree = "<group>";
		};
		3D4AF41C2B26E5F200D76FC5 /* Model */ = {
			isa = PBXGroup;
			children = (
				3D4DF9AE2B27EA6200F7C655 /* FootballTeams.swift */,
			);
			path = Model;
			sourceTree = "<group>";
		};
		3D4AF41D2B26E5FC00D76FC5 /* ViewModel */ = {
			isa = PBXGroup;
			children = (
				3D4DF9B02B27EABE00F7C655 /* TeamSelectionViewModel.swift */,
			);
			path = ViewModel;
			sourceTree = "<group>";
		};
/* End PBXGroup section */

/* Begin PBXNativeTarget section */
		3D4AF3FD2B26E4CD00D76FC5 /* SupportersAnchor */ = {
			isa = PBXNativeTarget;
			buildConfigurationList = 3D4AF40C2B26E4CE00D76FC5 /* Build configuration list for PBXNativeTarget "SupportersAnchor" */;
			buildPhases = (
				3D4AF3FA2B26E4CD00D76FC5 /* Sources */,
				3D4AF3FB2B26E4CD00D76FC5 /* Frameworks */,
				3D4AF3FC2B26E4CD00D76FC5 /* Resources */,
			);
			buildRules = (
			);
			dependencies = (
			);
			name = SupportersAnchor;
			packageProductDependencies = (
				3D4AF41F2B26E65000D76FC5 /* Alamofire */,
			);
			productName = SupportersAnchor;
			productReference = 3D4AF3FE2B26E4CD00D76FC5 /* SupportersAnchor.app */;
			productType = "com.apple.product-type.application";
		};
/* End PBXNativeTarget section */

/* Begin PBXProject section */
		3D4AF3F62B26E4CD00D76FC5 /* Project object */ = {
			isa = PBXProject;
			attributes = {
				BuildIndependentTargetsInParallel = 1;
				LastSwiftUpdateCheck = 1500;
				LastUpgradeCheck = 1500;
				TargetAttributes = {
					3D4AF3FD2B26E4CD00D76FC5 = {
						CreatedOnToolsVersion = 15.0.1;
					};
				};
			};
			buildConfigurationList = 3D4AF3F92B26E4CD00D76FC5 /* Build configuration list for PBXProject "SupportersAnchor" */;
			compatibilityVersion = "Xcode 14.0";
			developmentRegion = en;
			hasScannedForEncodings = 0;
			knownRegions = (
				en,
				Base,
			);
			mainGroup = 3D4AF3F52B26E4CD00D76FC5;
			packageReferences = (
				3D4AF41E2B26E65000D76FC5 /* XCRemoteSwiftPackageReference "Alamofire" */,
			);
			productRefGroup = 3D4AF3FF2B26E4CD00D76FC5 /* Products */;
			projectDirPath = "";
			projectRoot = "";
			targets = (
				3D4AF3FD2B26E4CD00D76FC5 /* SupportersAnchor */,
			);
		};
/* End PBXProject section */

/* Begin PBXResourcesBuildPhase section */
		3D4AF3FC2B26E4CD00D76FC5 /* Resources */ = {
			isa = PBXResourcesBuildPhase;
			buildActionMask = 2147483647;
			files = (
				3D4AF4092B26E4CE00D76FC5 /* Preview Assets.xcassets in Resources */,
			);
			runOnlyForDeploymentPostprocessing = 0;
		};
/* End PBXResourcesBuildPhase section */

/* Begin PBXSourcesBuildPhase section */
		3D4AF3FA2B26E4CD00D76FC5 /* Sources */ = {
			isa = PBXSourcesBuildPhase;
			buildActionMask = 2147483647;
			files = (
				3D4DF9B12B27EABE00F7C655 /* TeamSelectionViewModel.swift in Sources */,
				3D4AF4142B26E4F100D76FC5 /* MatchScheduleView.swift in Sources */,
				3D4AF4182B26E4F100D76FC5 /* LeagueSelectionView.swift in Sources */,
				3D4DF9B32B27FDB200F7C655 /* TeamSelectionViewItem.swift in Sources */,
				3D4AF4042B26E4CD00D76FC5 /* ContentView.swift in Sources */,
				3D4DF9AF2B27EA6200F7C655 /* FootballTeams.swift in Sources */,
				3D4AF4022B26E4CD00D76FC5 /* SupportersAnchorApp.swift in Sources */,
				3D4AF4152B26E4F100D76FC5 /* MatchDetailView.swift in Sources */,
				3D4AF4162B26E4F100D76FC5 /* TeamSelectionView.swift in Sources */,
				3DF16D262B26FBEF0002F65E /* OnboardingView.swift in Sources */,
			);
			runOnlyForDeploymentPostprocessing = 0;
		};
/* End PBXSourcesBuildPhase section */

/* Begin XCBuildConfiguration section */
		3D4AF40A2B26E4CE00D76FC5 /* Debug */ = {
			isa = XCBuildConfiguration;
			buildSettings = {
				ALWAYS_SEARCH_USER_PATHS = NO;
				ASSETCATALOG_COMPILER_GENERATE_SWIFT_ASSET_SYMBOL_EXTENSIONS = YES;
				CLANG_ANALYZER_NONNULL = YES;
				CLANG_ANALYZER_NUMBER_OBJECT_CONVERSION = YES_AGGRESSIVE;
				CLANG_CXX_LANGUAGE_STANDARD = "gnu++20";
				CLANG_ENABLE_MODULES = YES;
				CLANG_ENABLE_OBJC_ARC = YES;
				CLANG_ENABLE_OBJC_WEAK = YES;
				CLANG_WARN_BLOCK_CAPTURE_AUTORELEASING = YES;
				CLANG_WARN_BOOL_CONVERSION = YES;
				CLANG_WARN_COMMA = YES;
				CLANG_WARN_CONSTANT_CONVERSION = YES;
				CLANG_WARN_DEPRECATED_OBJC_IMPLEMENTATIONS = YES;
				CLANG_WARN_DIRECT_OBJC_ISA_USAGE = YES_ERROR;
				CLANG_WARN_DOCUMENTATION_COMMENTS = YES;
				CLANG_WARN_EMPTY_BODY = YES;
				CLANG_WARN_ENUM_CONVERSION = YES;
				CLANG_WARN_INFINITE_RECURSION = YES;
				CLANG_WARN_INT_CONVERSION = YES;
				CLANG_WARN_NON_LITERAL_NULL_CONVERSION = YES;
				CLANG_WARN_OBJC_IMPLICIT_RETAIN_SELF = YES;
				CLANG_WARN_OBJC_LITERAL_CONVERSION = YES;
				CLANG_WARN_OBJC_ROOT_CLASS = YES_ERROR;
				CLANG_WARN_QUOTED_INCLUDE_IN_FRAMEWORK_HEADER = YES;
				CLANG_WARN_RANGE_LOOP_ANALYSIS = YES;
				CLANG_WARN_STRICT_PROTOTYPES = YES;
				CLANG_WARN_SUSPICIOUS_MOVE = YES;
				CLANG_WARN_UNGUARDED_AVAILABILITY = YES_AGGRESSIVE;
				CLANG_WARN_UNREACHABLE_CODE = YES;
				CLANG_WARN__DUPLICATE_METHOD_MATCH = YES;
				COPY_PHASE_STRIP = NO;
				DEBUG_INFORMATION_FORMAT = dwarf;
				ENABLE_STRICT_OBJC_MSGSEND = YES;
				ENABLE_TESTABILITY = YES;
				ENABLE_USER_SCRIPT_SANDBOXING = YES;
				GCC_C_LANGUAGE_STANDARD = gnu17;
				GCC_DYNAMIC_NO_PIC = NO;
				GCC_NO_COMMON_BLOCKS = YES;
				GCC_OPTIMIZATION_LEVEL = 0;
				GCC_PREPROCESSOR_DEFINITIONS = (
					"DEBUG=1",
					"$(inherited)",
				);
				GCC_WARN_64_TO_32_BIT_CONVERSION = YES;
				GCC_WARN_ABOUT_RETURN_TYPE = YES_ERROR;
				GCC_WARN_UNDECLARED_SELECTOR = YES;
				GCC_WARN_UNINITIALIZED_AUTOS = YES_AGGRESSIVE;
				GCC_WARN_UNUSED_FUNCTION = YES;
				GCC_WARN_UNUSED_VARIABLE = YES;
				IPHONEOS_DEPLOYMENT_TARGET = 17.0;
				LOCALIZATION_PREFERS_STRING_CATALOGS = YES;
				MTL_ENABLE_DEBUG_INFO = INCLUDE_SOURCE;
				MTL_FAST_MATH = YES;
				ONLY_ACTIVE_ARCH = YES;
				SDKROOT = iphoneos;
				SWIFT_ACTIVE_COMPILATION_CONDITIONS = "DEBUG $(inherited)";
				SWIFT_OPTIMIZATION_LEVEL = "-Onone";
			};
			name = Debug;
		};
		3D4AF40B2B26E4CE00D76FC5 /* Release */ = {
			isa = XCBuildConfiguration;
			buildSettings = {
				ALWAYS_SEARCH_USER_PATHS = NO;
				ASSETCATALOG_COMPILER_GENERATE_SWIFT_ASSET_SYMBOL_EXTENSIONS = YES;
				CLANG_ANALYZER_NONNULL = YES;
				CLANG_ANALYZER_NUMBER_OBJECT_CONVERSION = YES_AGGRESSIVE;
				CLANG_CXX_LANGUAGE_STANDARD = "gnu++20";
				CLANG_ENABLE_MODULES = YES;
				CLANG_ENABLE_OBJC_ARC = YES;
				CLANG_ENABLE_OBJC_WEAK = YES;
				CLANG_WARN_BLOCK_CAPTURE_AUTORELEASING = YES;
				CLANG_WARN_BOOL_CONVERSION = YES;
				CLANG_WARN_COMMA = YES;
				CLANG_WARN_CONSTANT_CONVERSION = YES;
				CLANG_WARN_DEPRECATED_OBJC_IMPLEMENTATIONS = YES;
				CLANG_WARN_DIRECT_OBJC_ISA_USAGE = YES_ERROR;
				CLANG_WARN_DOCUMENTATION_COMMENTS = YES;
				CLANG_WARN_EMPTY_BODY = YES;
				CLANG_WARN_ENUM_CONVERSION = YES;
				CLANG_WARN_INFINITE_RECURSION = YES;
				CLANG_WARN_INT_CONVERSION = YES;
				CLANG_WARN_NON_LITERAL_NULL_CONVERSION = YES;
				CLANG_WARN_OBJC_IMPLICIT_RETAIN_SELF = YES;
				CLANG_WARN_OBJC_LITERAL_CONVERSION = YES;
				CLANG_WARN_OBJC_ROOT_CLASS = YES_ERROR;
				CLANG_WARN_QUOTED_INCLUDE_IN_FRAMEWORK_HEADER = YES;
				CLANG_WARN_RANGE_LOOP_ANALYSIS = YES;
				CLANG_WARN_STRICT_PROTOTYPES = YES;
				CLANG_WARN_SUSPICIOUS_MOVE = YES;
				CLANG_WARN_UNGUARDED_AVAILABILITY = YES_AGGRESSIVE;
				CLANG_WARN_UNREACHABLE_CODE = YES;
				CLANG_WARN__DUPLICATE_METHOD_MATCH = YES;
				COPY_PHASE_STRIP = NO;
				DEBUG_INFORMATION_FORMAT = "dwarf-with-dsym";
				ENABLE_NS_ASSERTIONS = NO;
				ENABLE_STRICT_OBJC_MSGSEND = YES;
				ENABLE_USER_SCRIPT_SANDBOXING = YES;
				GCC_C_LANGUAGE_STANDARD = gnu17;
				GCC_NO_COMMON_BLOCKS = YES;
				GCC_WARN_64_TO_32_BIT_CONVERSION = YES;
				GCC_WARN_ABOUT_RETURN_TYPE = YES_ERROR;
				GCC_WARN_UNDECLARED_SELECTOR = YES;
				GCC_WARN_UNINITIALIZED_AUTOS = YES_AGGRESSIVE;
				GCC_WARN_UNUSED_FUNCTION = YES;
				GCC_WARN_UNUSED_VARIABLE = YES;
				IPHONEOS_DEPLOYMENT_TARGET = 17.0;
				LOCALIZATION_PREFERS_STRING_CATALOGS = YES;
				MTL_ENABLE_DEBUG_INFO = NO;
				MTL_FAST_MATH = YES;
				SDKROOT = iphoneos;
				SWIFT_COMPILATION_MODE = wholemodule;
				VALIDATE_PRODUCT = YES;
			};
			name = Release;
		};
		3D4AF40D2B26E4CE00D76FC5 /* Debug */ = {
			isa = XCBuildConfiguration;
			buildSettings = {
				ASSETCATALOG_COMPILER_APPICON_NAME = AppIcon;
				ASSETCATALOG_COMPILER_GLOBAL_ACCENT_COLOR_NAME = AccentColor;
				CODE_SIGN_STYLE = Automatic;
				CURRENT_PROJECT_VERSION = 1;
				DEVELOPMENT_ASSET_PATHS = "\"SupportersAnchor/Preview Content\"";
				ENABLE_PREVIEWS = YES;
				GENERATE_INFOPLIST_FILE = YES;
				INFOPLIST_KEY_UIApplicationSceneManifest_Generation = YES;
				INFOPLIST_KEY_UIApplicationSupportsIndirectInputEvents = YES;
				INFOPLIST_KEY_UILaunchScreen_Generation = YES;
				INFOPLIST_KEY_UISupportedInterfaceOrientations_iPad = "UIInterfaceOrientationPortrait UIInterfaceOrientationPortraitUpsideDown UIInterfaceOrientationLandscapeLeft UIInterfaceOrientationLandscapeRight";
				INFOPLIST_KEY_UISupportedInterfaceOrientations_iPhone = "UIInterfaceOrientationPortrait UIInterfaceOrientationLandscapeLeft UIInterfaceOrientationLandscapeRight";
				LD_RUNPATH_SEARCH_PATHS = (
					"$(inherited)",
					"@executable_path/Frameworks",
				);
				MARKETING_VERSION = 1.0;
				PRODUCT_BUNDLE_IDENTIFIER = com.study.SupportersAnchor;
				PRODUCT_NAME = "$(TARGET_NAME)";
				SWIFT_EMIT_LOC_STRINGS = YES;
				SWIFT_VERSION = 5.0;
				TARGETED_DEVICE_FAMILY = "1,2";
			};
			name = Debug;
		};
		3D4AF40E2B26E4CE00D76FC5 /* Release */ = {
			isa = XCBuildConfiguration;
			buildSettings = {
				ASSETCATALOG_COMPILER_APPICON_NAME = AppIcon;
				ASSETCATALOG_COMPILER_GLOBAL_ACCENT_COLOR_NAME = AccentColor;
				CODE_SIGN_STYLE = Automatic;
				CURRENT_PROJECT_VERSION = 1;
				DEVELOPMENT_ASSET_PATHS = "\"SupportersAnchor/Preview Content\"";
				ENABLE_PREVIEWS = YES;
				GENERATE_INFOPLIST_FILE = YES;
				INFOPLIST_KEY_UIApplicationSceneManifest_Generation = YES;
				INFOPLIST_KEY_UIApplicationSupportsIndirectInputEvents = YES;
				INFOPLIST_KEY_UILaunchScreen_Generation = YES;
				INFOPLIST_KEY_UISupportedInterfaceOrientations_iPad = "UIInterfaceOrientationPortrait UIInterfaceOrientationPortraitUpsideDown UIInterfaceOrientationLandscapeLeft UIInterfaceOrientationLandscapeRight";
				INFOPLIST_KEY_UISupportedInterfaceOrientations_iPhone = "UIInterfaceOrientationPortrait UIInterfaceOrientationLandscapeLeft UIInterfaceOrientationLandscapeRight";
				LD_RUNPATH_SEARCH_PATHS = (
					"$(inherited)",
					"@executable_path/Frameworks",
				);
				MARKETING_VERSION = 1.0;
				PRODUCT_BUNDLE_IDENTIFIER = com.study.SupportersAnchor;
				PRODUCT_NAME = "$(TARGET_NAME)";
				SWIFT_EMIT_LOC_STRINGS = YES;
				SWIFT_VERSION = 5.0;
				TARGETED_DEVICE_FAMILY = "1,2";
			};
			name = Release;
		};
/* End XCBuildConfiguration section */

/* Begin XCConfigurationList section */
		3D4AF3F92B26E4CD00D76FC5 /* Build configuration list for PBXProject "SupportersAnchor" */ = {
			isa = XCConfigurationList;
			buildConfigurations = (
				3D4AF40A2B26E4CE00D76FC5 /* Debug */,
				3D4AF40B2B26E4CE00D76FC5 /* Release */,
			);
			defaultConfigurationIsVisible = 0;
			defaultConfigurationName = Release;
		};
		3D4AF40C2B26E4CE00D76FC5 /* Build configuration list for PBXNativeTarget "SupportersAnchor" */ = {
			isa = XCConfigurationList;
			buildConfigurations = (
				3D4AF40D2B26E4CE00D76FC5 /* Debug */,
				3D4AF40E2B26E4CE00D76FC5 /* Release */,
			);
			defaultConfigurationIsVisible = 0;
			defaultConfigurationName = Release;
		};
/* End XCConfigurationList section */

/* Begin XCRemoteSwiftPackageReference section */
		3D4AF41E2B26E65000D76FC5 /* XCRemoteSwiftPackageReference "Alamofire" */ = {
			isa = XCRemoteSwiftPackageReference;
			repositoryURL = "https://github.com/Alamofire/Alamofire";
			requirement = {
				kind = upToNextMajorVersion;
				minimumVersion = 5.8.1;
			};
		};
/* End XCRemoteSwiftPackageReference section */

/* Begin XCSwiftPackageProductDependency section */
		3D4AF41F2B26E65000D76FC5 /* Alamofire */ = {
			isa = XCSwiftPackageProductDependency;
			package = 3D4AF41E2B26E65000D76FC5 /* XCRemoteSwiftPackageReference "Alamofire" */;
			productName = Alamofire;
		};
/* End XCSwiftPackageProductDependency section */
	};
	rootObject = 3D4AF3F62B26E4CD00D76FC5 /* Project object */;
}
